// !$*UTF8*$!
{
	archiveVersion = 1;
	classes = {
	};
	objectVersion = 48;
	objects = {

/* Begin PBXBuildFile section */
		7087957C1FC38189005C9EE9 /* AppDelegate.swift in Sources */ = {isa = PBXBuildFile; fileRef = 7087957B1FC38189005C9EE9 /* AppDelegate.swift */; };
		7087957E1FC38189005C9EE9 /* ViewController.swift in Sources */ = {isa = PBXBuildFile; fileRef = 7087957D1FC38189005C9EE9 /* ViewController.swift */; };
		708795811FC38189005C9EE9 /* Main.storyboard in Resources */ = {isa = PBXBuildFile; fileRef = 7087957F1FC38189005C9EE9 /* Main.storyboard */; };
		708795831FC38189005C9EE9 /* Assets.xcassets in Resources */ = {isa = PBXBuildFile; fileRef = 708795821FC38189005C9EE9 /* Assets.xcassets */; };
		708795861FC38189005C9EE9 /* LaunchScreen.storyboard in Resources */ = {isa = PBXBuildFile; fileRef = 708795841FC38189005C9EE9 /* LaunchScreen.storyboard */; };
		708795911FC38189005C9EE9 /* pruebagifTests.swift in Sources */ = {isa = PBXBuildFile; fileRef = 708795901FC38189005C9EE9 /* pruebagifTests.swift */; };
		7087959C1FC38189005C9EE9 /* pruebagifUITests.swift in Sources */ = {isa = PBXBuildFile; fileRef = 7087959B1FC38189005C9EE9 /* pruebagifUITests.swift */; };
/* End PBXBuildFile section */

/* Begin PBXContainerItemProxy section */
		7087958D1FC38189005C9EE9 /* PBXContainerItemProxy */ = {
			isa = PBXContainerItemProxy;
			containerPortal = 708795701FC38189005C9EE9 /* Project object */;
			proxyType = 1;
			remoteGlobalIDString = 708795771FC38189005C9EE9;
			remoteInfo = pruebagif;
		};
		708795981FC38189005C9EE9 /* PBXContainerItemProxy */ = {
			isa = PBXContainerItemProxy;
			containerPortal = 708795701FC38189005C9EE9 /* Project object */;
			proxyType = 1;
			remoteGlobalIDString = 708795771FC38189005C9EE9;
			remoteInfo = pruebagif;
		};
/* End PBXContainerItemProxy section */

/* Begin PBXFileReference section */
		708795781FC38189005C9EE9 /* pruebagif.app */ = {isa = PBXFileReference; explicitFileType = wrapper.application; includeInIndex = 0; path = pruebagif.app; sourceTree = BUILT_PRODUCTS_DIR; };
		7087957B1FC38189005C9EE9 /* AppDelegate.swift */ = {isa = PBXFileReference; lastKnownFileType = sourcecode.swift; path = AppDelegate.swift; sourceTree = "<group>"; };
		7087957D1FC38189005C9EE9 /* ViewController.swift */ = {isa = PBXFileReference; lastKnownFileType = sourcecode.swift; path = ViewController.swift; sourceTree = "<group>"; };
		708795801FC38189005C9EE9 /* Base */ = {isa = PBXFileReference; lastKnownFileType = file.storyboard; name = Base; path = Base.lproj/Main.storyboard; sourceTree = "<group>"; };
		708795821FC38189005C9EE9 /* Assets.xcassets */ = {isa = PBXFileReference; lastKnownFileType = folder.assetcatalog; path = Assets.xcassets; sourceTree = "<group>"; };
		708795851FC38189005C9EE9 /* Base */ = {isa = PBXFileReference; lastKnownFileType = file.storyboard; name = Base; path = Base.lproj/LaunchScreen.storyboard; sourceTree = "<group>"; };
		708795871FC38189005C9EE9 /* Info.plist */ = {isa = PBXFileReference; lastKnownFileType = text.plist.xml; path = Info.plist; sourceTree = "<group>"; };
		7087958C1FC38189005C9EE9 /* pruebagifTests.xctest */ = {isa = PBXFileReference; explicitFileType = wrapper.cfbundle; includeInIndex = 0; path = pruebagifTests.xctest; sourceTree = BUILT_PRODUCTS_DIR; };
		708795901FC38189005C9EE9 /* pruebagifTests.swift */ = {isa = PBXFileReference; lastKnownFileType = sourcecode.swift; path = pruebagifTests.swift; sourceTree = "<group>"; };
		708795921FC38189005C9EE9 /* Info.plist */ = {isa = PBXFileReference; lastKnownFileType = text.plist.xml; path = Info.plist; sourceTree = "<group>"; };
		708795971FC38189005C9EE9 /* pruebagifUITests.xctest */ = {isa = PBXFileReference; explicitFileType = wrapper.cfbundle; includeInIndex = 0; path = pruebagifUITests.xctest; sourceTree = BUILT_PRODUCTS_DIR; };
		7087959B1FC38189005C9EE9 /* pruebagifUITests.swift */ = {isa = PBXFileReference; lastKnownFileType = sourcecode.swift; path = pruebagifUITests.swift; sourceTree = "<group>"; };
		7087959D1FC38189005C9EE9 /* Info.plist */ = {isa = PBXFileReference; lastKnownFileType = text.plist.xml; path = Info.plist; sourceTree = "<group>"; };
/* End PBXFileReference section */

/* Begin PBXFrameworksBuildPhase section */
		708795751FC38189005C9EE9 /* Frameworks */ = {
			isa = PBXFrameworksBuildPhase;
			buildActionMask = 2147483647;
			files = (
			);
			runOnlyForDeploymentPostprocessing = 0;
		};
		708795891FC38189005C9EE9 /* Frameworks */ = {
			isa = PBXFrameworksBuildPhase;
			buildActionMask = 2147483647;
			files = (
			);
			runOnlyForDeploymentPostprocessing = 0;
		};
		708795941FC38189005C9EE9 /* Frameworks */ = {
			isa = PBXFrameworksBuildPhase;
			buildActionMask = 2147483647;
			files = (
			);
			runOnlyForDeploymentPostprocessing = 0;
		};
/* End PBXFrameworksBuildPhase section */

/* Begin PBXGroup section */
		7087956F1FC38189005C9EE9 = {
			isa = PBXGroup;
			children = (
				7087957A1FC38189005C9EE9 /* pruebagif */,
				7087958F1FC38189005C9EE9 /* pruebagifTests */,
				7087959A1FC38189005C9EE9 /* pruebagifUITests */,
				708795791FC38189005C9EE9 /* Products */,
			);
			sourceTree = "<group>";
		};
		708795791FC38189005C9EE9 /* Products */ = {
			isa = PBXGroup;
			children = (
				708795781FC38189005C9EE9 /* pruebagif.app */,
				7087958C1FC38189005C9EE9 /* pruebagifTests.xctest */,
				708795971FC38189005C9EE9 /* pruebagifUITests.xctest */,
			);
			name = Products;
			sourceTree = "<group>";
		};
		7087957A1FC38189005C9EE9 /* pruebagif */ = {
			isa = PBXGroup;
			children = (
				7087957B1FC38189005C9EE9 /* AppDelegate.swift */,
				7087957D1FC38189005C9EE9 /* ViewController.swift */,
				7087957F1FC38189005C9EE9 /* Main.storyboard */,
				708795821FC38189005C9EE9 /* Assets.xcassets */,
				708795841FC38189005C9EE9 /* LaunchScreen.storyboard */,
				708795871FC38189005C9EE9 /* Info.plist */,
			);
			path = pruebagif;
			sourceTree = "<group>";
		};
		7087958F1FC38189005C9EE9 /* pruebagifTests */ = {
			isa = PBXGroup;
			children = (
				708795901FC38189005C9EE9 /* pruebagifTests.swift */,
				708795921FC38189005C9EE9 /* Info.plist */,
			);
			path = pruebagifTests;
			sourceTree = "<group>";
		};
		7087959A1FC38189005C9EE9 /* pruebagifUITests */ = {
			isa = PBXGroup;
			children = (
				7087959B1FC38189005C9EE9 /* pruebagifUITests.swift */,
				7087959D1FC38189005C9EE9 /* Info.plist */,
			);
			path = pruebagifUITests;
			sourceTree = "<group>";
		};
/* End PBXGroup section */

/* Begin PBXNativeTarget section */
		708795771FC38189005C9EE9 /* pruebagif */ = {
			isa = PBXNativeTarget;
			buildConfigurationList = 708795A01FC38189005C9EE9 /* Build configuration list for PBXNativeTarget "pruebagif" */;
			buildPhases = (
				708795741FC38189005C9EE9 /* Sources */,
				708795751FC38189005C9EE9 /* Frameworks */,
				708795761FC38189005C9EE9 /* Resources */,
			);
			buildRules = (
			);
			dependencies = (
			);
			name = pruebagif;
			productName = pruebagif;
			productReference = 708795781FC38189005C9EE9 /* pruebagif.app */;
			productType = "com.apple.product-type.application";
		};
		7087958B1FC38189005C9EE9 /* pruebagifTests */ = {
			isa = PBXNativeTarget;
			buildConfigurationList = 708795A31FC38189005C9EE9 /* Build configuration list for PBXNativeTarget "pruebagifTests" */;
			buildPhases = (
				708795881FC38189005C9EE9 /* Sources */,
				708795891FC38189005C9EE9 /* Frameworks */,
				7087958A1FC38189005C9EE9 /* Resources */,
			);
			buildRules = (
			);
			dependencies = (
				7087958E1FC38189005C9EE9 /* PBXTargetDependency */,
			);
			name = pruebagifTests;
			productName = pruebagifTests;
			productReference = 7087958C1FC38189005C9EE9 /* pruebagifTests.xctest */;
			productType = "com.apple.product-type.bundle.unit-test";
		};
		708795961FC38189005C9EE9 /* pruebagifUITests */ = {
			isa = PBXNativeTarget;
			buildConfigurationList = 708795A61FC38189005C9EE9 /* Build configuration list for PBXNativeTarget "pruebagifUITests" */;
			buildPhases = (
				708795931FC38189005C9EE9 /* Sources */,
				708795941FC38189005C9EE9 /* Frameworks */,
				708795951FC38189005C9EE9 /* Resources */,
			);
			buildRules = (
			);
			dependencies = (
				708795991FC38189005C9EE9 /* PBXTargetDependency */,
			);
			name = pruebagifUITests;
			productName = pruebagifUITests;
			productReference = 708795971FC38189005C9EE9 /* pruebagifUITests.xctest */;
			productType = "com.apple.product-type.bundle.ui-testing";
		};
/* End PBXNativeTarget section */

/* Begin PBXProject section */
		708795701FC38189005C9EE9 /* Project object */ = {
			isa = PBXProject;
			attributes = {
				LastSwiftUpdateCheck = 0920;
				LastUpgradeCheck = 0920;
				ORGANIZATIONNAME = "DANIEL RECHY SANCHEZ";
				TargetAttributes = {
					708795771FC38189005C9EE9 = {
						CreatedOnToolsVersion = 9.2;
						ProvisioningStyle = Automatic;
					};
					7087958B1FC38189005C9EE9 = {
						CreatedOnToolsVersion = 9.2;
						ProvisioningStyle = Automatic;
						TestTargetID = 708795771FC38189005C9EE9;
					};
					708795961FC38189005C9EE9 = {
						CreatedOnToolsVersion = 9.2;
						ProvisioningStyle = Automatic;
						TestTargetID = 708795771FC38189005C9EE9;
					};
				};
			};
			buildConfigurationList = 708795731FC38189005C9EE9 /* Build configuration list for PBXProject "pruebagif" */;
			compatibilityVersion = "Xcode 8.0";
			developmentRegion = en;
			hasScannedForEncodings = 0;
			knownRegions = (
				en,
				Base,
			);
			mainGroup = 7087956F1FC38189005C9EE9;
			productRefGroup = 708795791FC38189005C9EE9 /* Products */;
			projectDirPath = "";
			projectRoot = "";
			targets = (
				708795771FC38189005C9EE9 /* pruebagif */,
				7087958B1FC38189005C9EE9 /* pruebagifTests */,
				708795961FC38189005C9EE9 /* pruebagifUITests */,
			);
		};
/* End PBXProject section */

/* Begin PBXResourcesBuildPhase section */
		708795761FC38189005C9EE9 /* Resources */ = {
			isa = PBXResourcesBuildPhase;
			buildActionMask = 2147483647;
			files = (
				708795861FC38189005C9EE9 /* LaunchScreen.storyboard in Resources */,
				708795831FC38189005C9EE9 /* Assets.xcassets in Resources */,
				708795811FC38189005C9EE9 /* Main.storyboard in Resources */,
			);
			runOnlyForDeploymentPostprocessing = 0;
		};
		7087958A1FC38189005C9EE9 /* Resources */ = {
			isa = PBXResourcesBuildPhase;
			buildActionMask = 2147483647;
			files = (
			);
			runOnlyForDeploymentPostprocessing = 0;
		};
		708795951FC38189005C9EE9 /* Resources */ = {
			isa = PBXResourcesBuildPhase;
			buildActionMask = 2147483647;
			files = (
			);
			runOnlyForDeploymentPostprocessing = 0;
		};
/* End PBXResourcesBuildPhase section */

/* Begin PBXSourcesBuildPhase section */
		708795741FC38189005C9EE9 /* Sources */ = {
			isa = PBXSourcesBuildPhase;
			buildActionMask = 2147483647;
			files = (
				7087957E1FC38189005C9EE9 /* ViewController.swift in Sources */,
				7087957C1FC38189005C9EE9 /* AppDelegate.swift in Sources */,
			);
			runOnlyForDeploymentPostprocessing = 0;
		};
		708795881FC38189005C9EE9 /* Sources */ = {
			isa = PBXSourcesBuildPhase;
			buildActionMask = 2147483647;
			files = (
				708795911FC38189005C9EE9 /* pruebagifTests.swift in Sources */,
			);
			runOnlyForDeploymentPostprocessing = 0;
		};
		708795931FC38189005C9EE9 /* Sources */ = {
			isa = PBXSourcesBuildPhase;
			buildActionMask = 2147483647;
			files = (
				7087959C1FC38189005C9EE9 /* pruebagifUITests.swift in Sources */,
			);
			runOnlyForDeploymentPostprocessing = 0;
		};
/* End PBXSourcesBuildPhase section */

/* Begin PBXTargetDependency section */
		7087958E1FC38189005C9EE9 /* PBXTargetDependency */ = {
			isa = PBXTargetDependency;
			target = 708795771FC38189005C9EE9 /* pruebagif */;
			targetProxy = 7087958D1FC38189005C9EE9 /* PBXContainerItemProxy */;
		};
		708795991FC38189005C9EE9 /* PBXTargetDependency */ = {
			isa = PBXTargetDependency;
			target = 708795771FC38189005C9EE9 /* pruebagif */;
			targetProxy = 708795981FC38189005C9EE9 /* PBXContainerItemProxy */;
		};
/* End PBXTargetDependency section */

/* Begin PBXVariantGroup section */
		7087957F1FC38189005C9EE9 /* Main.storyboard */ = {
			isa = PBXVariantGroup;
			children = (
				708795801FC38189005C9EE9 /* Base */,
			);
			name = Main.storyboard;
			sourceTree = "<group>";
		};
		708795841FC38189005C9EE9 /* LaunchScreen.storyboard */ = {
			isa = PBXVariantGroup;
			children = (
				708795851FC38189005C9EE9 /* Base */,
			);
			name = LaunchScreen.storyboard;
			sourceTree = "<group>";
		};
/* End PBXVariantGroup section */

/* Begin XCBuildConfiguration section */
		7087959E1FC38189005C9EE9 /* Debug */ = {
			isa = XCBuildConfiguration;
			buildSettings = {
				ALWAYS_SEARCH_USER_PATHS = NO;
				CLANG_ANALYZER_NONNULL = YES;
				CLANG_ANALYZER_NUMBER_OBJECT_CONVERSION = YES_AGGRESSIVE;
				CLANG_CXX_LANGUAGE_STANDARD = "gnu++14";
				CLANG_CXX_LIBRARY = "libc++";
				CLANG_ENABLE_MODULES = YES;
				CLANG_ENABLE_OBJC_ARC = YES;
				CLANG_WARN_BLOCK_CAPTURE_AUTORELEASING = YES;
				CLANG_WARN_BOOL_CONVERSION = YES;
				CLANG_WARN_COMMA = YES;
				CLANG_WARN_CONSTANT_CONVERSION = YES;
				CLANG_WARN_DIRECT_OBJC_ISA_USAGE = YES_ERROR;
				CLANG_WARN_DOCUMENTATION_COMMENTS = YES;
				CLANG_WARN_EMPTY_BODY = YES;
				CLANG_WARN_ENUM_CONVERSION = YES;
				CLANG_WARN_INFINITE_RECURSION = YES;
				CLANG_WARN_INT_CONVERSION = YES;
				CLANG_WARN_NON_LITERAL_NULL_CONVERSION = YES;
				CLANG_WARN_OBJC_LITERAL_CONVERSION = YES;
				CLANG_WARN_OBJC_ROOT_CLASS = YES_ERROR;
				CLANG_WARN_RANGE_LOOP_ANALYSIS = YES;
				CLANG_WARN_STRICT_PROTOTYPES = YES;
				CLANG_WARN_SUSPICIOUS_MOVE = YES;
				CLANG_WARN_UNGUARDED_AVAILABILITY = YES_AGGRESSIVE;
				CLANG_WARN_UNREACHABLE_CODE = YES;
				CLANG_WARN__DUPLICATE_METHOD_MATCH = YES;
				CODE_SIGN_IDENTITY = "iPhone Developer";
				COPY_PHASE_STRIP = NO;
				DEBUG_INFORMATION_FORMAT = dwarf;
				ENABLE_STRICT_OBJC_MSGSEND = YES;
				ENABLE_TESTABILITY = YES;
				GCC_C_LANGUAGE_STANDARD = gnu11;
				GCC_DYNAMIC_NO_PIC = NO;
				GCC_NO_COMMON_BLOCKS = YES;
				GCC_OPTIMIZATION_LEVEL = 0;
				GCC_PREPROCESSOR_DEFINITIONS = (
					"DEBUG=1",
					"$(inherited)",
				);
				GCC_WARN_64_TO_32_BIT_CONVERSION = YES;
				GCC_WARN_ABOUT_RETURN_TYPE = YES_ERROR;
				GCC_WARN_UNDECLARED_SELECTOR = YES;
				GCC_WARN_UNINITIALIZED_AUTOS = YES_AGGRESSIVE;
				GCC_WARN_UNUSED_FUNCTION = YES;
				GCC_WARN_UNUSED_VARIABLE = YES;
				IPHONEOS_DEPLOYMENT_TARGET = 11.2;
				MTL_ENABLE_DEBUG_INFO = YES;
				ONLY_ACTIVE_ARCH = YES;
				SDKROOT = iphoneos;
				SWIFT_ACTIVE_COMPILATION_CONDITIONS = DEBUG;
				SWIFT_OPTIMIZATION_LEVEL = "-Onone";
			};
			name = Debug;
		};
		7087959F1FC38189005C9EE9 /* Release */ = {
			isa = XCBuildConfiguration;
			buildSettings = {
				ALWAYS_SEARCH_USER_PATHS = NO;
				CLANG_ANALYZER_NONNULL = YES;
				CLANG_ANALYZER_NUMBER_OBJECT_CONVERSION = YES_AGGRESSIVE;
				CLANG_CXX_LANGUAGE_STANDARD = "gnu++14";
				CLANG_CXX_LIBRARY = "libc++";
				CLANG_ENABLE_MODULES = YES;
				CLANG_ENABLE_OBJC_ARC = YES;
				CLANG_WARN_BLOCK_CAPTURE_AUTORELEASING = YES;
				CLANG_WARN_BOOL_CONVERSION = YES;
				CLANG_WARN_COMMA = YES;
				CLANG_WARN_CONSTANT_CONVERSION = YES;
				CLANG_WARN_DIRECT_OBJC_ISA_USAGE = YES_ERROR;
				CLANG_WARN_DOCUMENTATION_COMMENTS = YES;
				CLANG_WARN_EMPTY_BODY = YES;
				CLANG_WARN_ENUM_CONVERSION = YES;
				CLANG_WARN_INFINITE_RECURSION = YES;
				CLANG_WARN_INT_CONVERSION = YES;
				CLANG_WARN_NON_LITERAL_NULL_CONVERSION = YES;
				CLANG_WARN_OBJC_LITERAL_CONVERSION = YES;
				CLANG_WARN_OBJC_ROOT_CLASS = YES_ERROR;
				CLANG_WARN_RANGE_LOOP_ANALYSIS = YES;
				CLANG_WARN_STRICT_PROTOTYPES = YES;
				CLANG_WARN_SUSPICIOUS_MOVE = YES;
				CLANG_WARN_UNGUARDED_AVAILABILITY = YES_AGGRESSIVE;
				CLANG_WARN_UNREACHABLE_CODE = YES;
				CLANG_WARN__DUPLICATE_METHOD_MATCH = YES;
				CODE_SIGN_IDENTITY = "iPhone Developer";
				COPY_PHASE_STRIP = NO;
				DEBUG_INFORMATION_FORMAT = "dwarf-with-dsym";
				ENABLE_NS_ASSERTIONS = NO;
				ENABLE_STRICT_OBJC_MSGSEND = YES;
				GCC_C_LANGUAGE_STANDARD = gnu11;
				GCC_NO_COMMON_BLOCKS = YES;
				GCC_WARN_64_TO_32_BIT_CONVERSION = YES;
				GCC_WARN_ABOUT_RETURN_TYPE = YES_ERROR;
				GCC_WARN_UNDECLARED_SELECTOR = YES;
				GCC_WARN_UNINITIALIZED_AUTOS = YES_AGGRESSIVE;
				GCC_WARN_UNUSED_FUNCTION = YES;
				GCC_WARN_UNUSED_VARIABLE = YES;
				IPHONEOS_DEPLOYMENT_TARGET = 11.2;
				MTL_ENABLE_DEBUG_INFO = NO;
				SDKROOT = iphoneos;
				SWIFT_OPTIMIZATION_LEVEL = "-Owholemodule";
				VALIDATE_PRODUCT = YES;
			};
			name = Release;
		};
		708795A11FC38189005C9EE9 /* Debug */ = {
			isa = XCBuildConfiguration;
			buildSettings = {
				ASSETCATALOG_COMPILER_APPICON_NAME = AppIcon;
				CODE_SIGN_STYLE = Automatic;
				INFOPLIST_FILE = pruebagif/Info.plist;
				LD_RUNPATH_SEARCH_PATHS = "$(inherited) @executable_path/Frameworks";
				PRODUCT_BUNDLE_IDENTIFIER = bh.pruebagif;
				PRODUCT_NAME = "$(TARGET_NAME)";
				SWIFT_VERSION = 4.0;
				TARGETED_DEVICE_FAMILY = "1,2";
			};
			name = Debug;
		};
		708795A21FC38189005C9EE9 /* Release */ = {
			isa = XCBuildConfiguration;
			buildSettings = {
				ASSETCATALOG_COMPILER_APPICON_NAME = AppIcon;
				CODE_SIGN_STYLE = Automatic;
				INFOPLIST_FILE = pruebagif/Info.plist;
				LD_RUNPATH_SEARCH_PATHS = "$(inherited) @executable_path/Frameworks";
				PRODUCT_BUNDLE_IDENTIFIER = bh.pruebagif;
				PRODUCT_NAME = "$(TARGET_NAME)";
				SWIFT_VERSION = 4.0;
				TARGETED_DEVICE_FAMILY = "1,2";
			};
			name = Release;
		};
		708795A41FC38189005C9EE9 /* Debug */ = {
			isa = XCBuildConfiguration;
			buildSettings = {
				ALWAYS_EMBED_SWIFT_STANDARD_LIBRARIES = YES;
				BUNDLE_LOADER = "$(TEST_HOST)";
				CODE_SIGN_STYLE = Automatic;
				INFOPLIST_FILE = pruebagifTests/Info.plist;
				LD_RUNPATH_SEARCH_PATHS = "$(inherited) @executable_path/Frameworks @loader_path/Frameworks";
				PRODUCT_BUNDLE_IDENTIFIER = bh.pruebagifTests;
				PRODUCT_NAME = "$(TARGET_NAME)";
				SWIFT_VERSION = 4.0;
				TARGETED_DEVICE_FAMILY = "1,2";
				TEST_HOST = "$(BUILT_PRODUCTS_DIR)/pruebagif.app/pruebagif";
			};
			name = Debug;
		};
		708795A51FC38189005C9EE9 /* Release */ = {
			isa = XCBuildConfiguration;
			buildSettings = {
				ALWAYS_EMBED_SWIFT_STANDARD_LIBRARIES = YES;
				BUNDLE_LOADER = "$(TEST_HOST)";
				CODE_SIGN_STYLE = Automatic;
				INFOPLIST_FILE = pruebagifTests/Info.plist;
				LD_RUNPATH_SEARCH_PATHS = "$(inherited) @executable_path/Frameworks @loader_path/Frameworks";
				PRODUCT_BUNDLE_IDENTIFIER = bh.pruebagifTests;
				PRODUCT_NAME = "$(TARGET_NAME)";
				SWIFT_VERSION = 4.0;
				TARGETED_DEVICE_FAMILY = "1,2";
				TEST_HOST = "$(BUILT_PRODUCTS_DIR)/pruebagif.app/pruebagif";
			};
			name = Release;
		};
		708795A71FC38189005C9EE9 /* Debug */ = {
			isa = XCBuildConfiguration;
			buildSettings = {
				ALWAYS_EMBED_SWIFT_STANDARD_LIBRARIES = YES;
				CODE_SIGN_STYLE = Automatic;
				INFOPLIST_FILE = pruebagifUITests/Info.plist;
				LD_RUNPATH_SEARCH_PATHS = "$(inherited) @executable_path/Frameworks @loader_path/Frameworks";
				PRODUCT_BUNDLE_IDENTIFIER = bh.pruebagifUITests;
				PRODUCT_NAME = "$(TARGET_NAME)";
				SWIFT_VERSION = 4.0;
				TARGETED_DEVICE_FAMILY = "1,2";
				TEST_TARGET_NAME = pruebagif;
			};
			name = Debug;
		};
		708795A81FC38189005C9EE9 /* Release */ = {
			isa = XCBuildConfiguration;
			buildSettings = {
				ALWAYS_EMBED_SWIFT_STANDARD_LIBRARIES = YES;
				CODE_SIGN_STYLE = Automatic;
				INFOPLIST_FILE = pruebagifUITests/Info.plist;
				LD_RUNPATH_SEARCH_PATHS = "$(inherited) @executable_path/Frameworks @loader_path/Frameworks";
				PRODUCT_BUNDLE_IDENTIFIER = bh.pruebagifUITests;
				PRODUCT_NAME = "$(TARGET_NAME)";
				SWIFT_VERSION = 4.0;
				TARGETED_DEVICE_FAMILY = "1,2";
				TEST_TARGET_NAME = pruebagif;
			};
			name = Release;
		};
/* End XCBuildConfiguration section */

/* Begin XCConfigurationList section */
		708795731FC38189005C9EE9 /* Build configuration list for PBXProject "pruebagif" */ = {
			isa = XCConfigurationList;
			buildConfigurations = (
				7087959E1FC38189005C9EE9 /* Debug */,
				7087959F1FC38189005C9EE9 /* Release */,
			);
			defaultConfigurationIsVisible = 0;
			defaultConfigurationName = Release;
		};
		708795A01FC38189005C9EE9 /* Build configuration list for PBXNativeTarget "pruebagif" */ = {
			isa = XCConfigurationList;
			buildConfigurations = (
				708795A11FC38189005C9EE9 /* Debug */,
				708795A21FC38189005C9EE9 /* Release */,
			);
			defaultConfigurationIsVisible = 0;
			defaultConfigurationName = Release;
		};
		708795A31FC38189005C9EE9 /* Build configuration list for PBXNativeTarget "pruebagifTests" */ = {
			isa = XCConfigurationList;
			buildConfigurations = (
				708795A41FC38189005C9EE9 /* Debug */,
				708795A51FC38189005C9EE9 /* Release */,
			);
			defaultConfigurationIsVisible = 0;
			defaultConfigurationName = Release;
		};
		708795A61FC38189005C9EE9 /* Build configuration list for PBXNativeTarget "pruebagifUITests" */ = {
			isa = XCConfigurationList;
			buildConfigurations = (
				708795A71FC38189005C9EE9 /* Debug */,
				708795A81FC38189005C9EE9 /* Release */,
			);
			defaultConfigurationIsVisible = 0;
			defaultConfigurationName = Release;
		};
/* End XCConfigurationList section */
	};
	rootObject = 708795701FC38189005C9EE9 /* Project object */;
}
